{
  "nodes": {
    "home-manager": {
      "inputs": {
        "nixpkgs": [
          "nixpkgs"
        ]
      },
      "locked": {
        "lastModified": 1745894335,
        "narHash": "sha256-m47zhftaod/oHOwoVT25jstdcVLhkrVGyvEHKjbnFHI=",
        "owner": "nix-community",
        "repo": "home-manager",
        "rev": "1ad123239957d40e11ef66c203d0a7e272eb48aa",
        "type": "github"
      },
      "original": {
        "owner": "nix-community",
        "repo": "home-manager",
        "type": "github"
      }
    },
    "hvim": {
      "flake": false,
      "locked": {
        "lastModified": 1745916556,
        "narHash": "sha256-HtOQAdF+yplrJtFBAvcXIU1wd8w0X/FmLyIlt5CSoGo=",
        "owner": "HCHogan",
        "repo": "hvim",
        "rev": "4c719c70ca96411de912f263774494dcae4abb6c",
        "type": "github"
      },
      "original": {
        "owner": "HCHogan",
        "repo": "hvim",
        "type": "github"
      }
    },
    "kvim": {
      "flake": false,
      "locked": {
        "lastModified": 1745165710,
        "narHash": "sha256-y/AdEtuhRe17R7Mt2jizUNOWe8PuxLTKJ9nnCVCq6e0=",
        "owner": "HCHogan",
        "repo": "kvim",
        "rev": "9bdbfa56cb6fcb71a4cdef666da2dba8eedfe289",
        "type": "github"
      },
      "original": {
        "owner": "HCHogan",
        "repo": "kvim",
        "type": "github"
      }
    },
    "nixpkgs": {
      "locked": {
        "lastModified": 1745794561,
        "narHash": "sha256-T36rUZHUART00h3dW4sV5tv4MrXKT7aWjNfHiZz7OHg=",
        "owner": "nixos",
        "repo": "nixpkgs",
        "rev": "5461b7fa65f3ca74cef60be837fd559a8918eaa0",
        "type": "github"
      },
      "original": {
        "owner": "nixos",
        "ref": "nixos-unstable",
        "repo": "nixpkgs",
        "type": "github"
      }
    },
    "root": {
      "inputs": {
        "home-manager": "home-manager",
        "hvim": "hvim",
        "kvim": "kvim",
        "nixpkgs": "nixpkgs"
      }
    }
  },
  "root": "root",
  "version": 7
}
